// !$*UTF8*$!
{
	archiveVersion = 1;
	classes = {
	};
	objectVersion = 50;
	objects = {

/* Begin PBXBuildFile section */
		E507E3E42175483300A1AE14 /* plot_small.png in Resources */ = {isa = PBXBuildFile; fileRef = E507E3E22175483300A1AE14 /* plot_small.png */; };
		E507E3E52175483300A1AE14 /* plot_large.png in Resources */ = {isa = PBXBuildFile; fileRef = E507E3E32175483300A1AE14 /* plot_large.png */; };
		E54BD0532175110400C98AEB /* AppDelegate.swift in Sources */ = {isa = PBXBuildFile; fileRef = E54BD0522175110400C98AEB /* AppDelegate.swift */; };
		E54BD0552175110400C98AEB /* CO2.sks in Resources */ = {isa = PBXBuildFile; fileRef = E54BD0542175110400C98AEB /* CO2.sks */; };
		E54BD0572175110400C98AEB /* Actions.sks in Resources */ = {isa = PBXBuildFile; fileRef = E54BD0562175110400C98AEB /* Actions.sks */; };
		E54BD0592175110400C98AEB /* MapScene.swift in Sources */ = {isa = PBXBuildFile; fileRef = E54BD0582175110400C98AEB /* MapScene.swift */; };
		E54BD05B2175110400C98AEB /* GameViewController.swift in Sources */ = {isa = PBXBuildFile; fileRef = E54BD05A2175110400C98AEB /* GameViewController.swift */; };
		E54BD05E2175110400C98AEB /* Main.storyboard in Resources */ = {isa = PBXBuildFile; fileRef = E54BD05C2175110400C98AEB /* Main.storyboard */; };
		E54BD0602175110800C98AEB /* Assets.xcassets in Resources */ = {isa = PBXBuildFile; fileRef = E54BD05F2175110800C98AEB /* Assets.xcassets */; };
		E54BD0632175110800C98AEB /* LaunchScreen.storyboard in Resources */ = {isa = PBXBuildFile; fileRef = E54BD0612175110800C98AEB /* LaunchScreen.storyboard */; };
		E54BD06B217514D600C98AEB /* na.png in Resources */ = {isa = PBXBuildFile; fileRef = E54BD06A217514D600C98AEB /* na.png */; };
		E54BD06D2175163200C98AEB /* bg-graph-white.png in Resources */ = {isa = PBXBuildFile; fileRef = E54BD06C2175163200C98AEB /* bg-graph-white.png */; };
		E54BD0762175438F00C98AEB /* CO2graph.sks in Resources */ = {isa = PBXBuildFile; fileRef = E54BD0752175438F00C98AEB /* CO2graph.sks */; };
		E54BD0782175443500C98AEB /* GraphScene.swift in Sources */ = {isa = PBXBuildFile; fileRef = E54BD0772175443500C98AEB /* GraphScene.swift */; };
		E54BD07A2175447500C98AEB /* CO2country.sks in Resources */ = {isa = PBXBuildFile; fileRef = E54BD0792175447500C98AEB /* CO2country.sks */; };
		E54BD07C2175449800C98AEB /* CountryScene.swift in Sources */ = {isa = PBXBuildFile; fileRef = E54BD07B2175449800C98AEB /* CountryScene.swift */; };
/* End PBXBuildFile section */

/* Begin PBXFileReference section */
		E507E3E22175483300A1AE14 /* plot_small.png */ = {isa = PBXFileReference; lastKnownFileType = image.png; path = plot_small.png; sourceTree = "<group>"; };
		E507E3E32175483300A1AE14 /* plot_large.png */ = {isa = PBXFileReference; lastKnownFileType = image.png; path = plot_large.png; sourceTree = "<group>"; };
		E54BD04F2175110400C98AEB /* miasma.app */ = {isa = PBXFileReference; explicitFileType = wrapper.application; includeInIndex = 0; path = miasma.app; sourceTree = BUILT_PRODUCTS_DIR; };
		E54BD0522175110400C98AEB /* AppDelegate.swift */ = {isa = PBXFileReference; lastKnownFileType = sourcecode.swift; path = AppDelegate.swift; sourceTree = "<group>"; };
		E54BD0542175110400C98AEB /* CO2.sks */ = {isa = PBXFileReference; lastKnownFileType = file.sks; path = CO2.sks; sourceTree = "<group>"; };
		E54BD0562175110400C98AEB /* Actions.sks */ = {isa = PBXFileReference; lastKnownFileType = file.sks; path = Actions.sks; sourceTree = "<group>"; };
		E54BD0582175110400C98AEB /* MapScene.swift */ = {isa = PBXFileReference; lastKnownFileType = sourcecode.swift; path = MapScene.swift; sourceTree = "<group>"; };
		E54BD05A2175110400C98AEB /* GameViewController.swift */ = {isa = PBXFileReference; lastKnownFileType = sourcecode.swift; path = GameViewController.swift; sourceTree = "<group>"; };
		E54BD05D2175110400C98AEB /* Base */ = {isa = PBXFileReference; lastKnownFileType = file.storyboard; name = Base; path = Base.lproj/Main.storyboard; sourceTree = "<group>"; };
		E54BD05F2175110800C98AEB /* Assets.xcassets */ = {isa = PBXFileReference; lastKnownFileType = folder.assetcatalog; path = Assets.xcassets; sourceTree = "<group>"; };
		E54BD0622175110800C98AEB /* Base */ = {isa = PBXFileReference; lastKnownFileType = file.storyboard; name = Base; path = Base.lproj/LaunchScreen.storyboard; sourceTree = "<group>"; };
		E54BD0642175110800C98AEB /* Info.plist */ = {isa = PBXFileReference; lastKnownFileType = text.plist.xml; path = Info.plist; sourceTree = "<group>"; };
		E54BD06A217514D600C98AEB /* na.png */ = {isa = PBXFileReference; lastKnownFileType = image.png; path = na.png; sourceTree = "<group>"; };
		E54BD06C2175163200C98AEB /* bg-graph-white.png */ = {isa = PBXFileReference; lastKnownFileType = image.png; path = "bg-graph-white.png"; sourceTree = "<group>"; };
		E54BD0752175438F00C98AEB /* CO2graph.sks */ = {isa = PBXFileReference; lastKnownFileType = file.sks; path = CO2graph.sks; sourceTree = "<group>"; };
		E54BD0772175443500C98AEB /* GraphScene.swift */ = {isa = PBXFileReference; lastKnownFileType = sourcecode.swift; path = GraphScene.swift; sourceTree = "<group>"; };
		E54BD0792175447500C98AEB /* CO2country.sks */ = {isa = PBXFileReference; lastKnownFileType = file.sks; path = CO2country.sks; sourceTree = "<group>"; };
		E54BD07B2175449800C98AEB /* CountryScene.swift */ = {isa = PBXFileReference; lastKnownFileType = sourcecode.swift; path = CountryScene.swift; sourceTree = "<group>"; };
/* End PBXFileReference section */

/* Begin PBXFrameworksBuildPhase section */
		E54BD04C2175110400C98AEB /* Frameworks */ = {
			isa = PBXFrameworksBuildPhase;
			buildActionMask = 2147483647;
			files = (
			);
			runOnlyForDeploymentPostprocessing = 0;
		};
/* End PBXFrameworksBuildPhase section */

/* Begin PBXGroup section */
		E54BD0462175110400C98AEB = {
			isa = PBXGroup;
			children = (
				E54BD0512175110400C98AEB /* miasma */,
				E54BD0502175110400C98AEB /* Products */,
			);
			sourceTree = "<group>";
		};
		E54BD0502175110400C98AEB /* Products */ = {
			isa = PBXGroup;
			children = (
				E54BD04F2175110400C98AEB /* miasma.app */,
			);
			name = Products;
			sourceTree = "<group>";
		};
		E54BD0512175110400C98AEB /* miasma */ = {
			isa = PBXGroup;
			children = (
				E54BD06E2175164900C98AEB /* images */,
				E54BD0522175110400C98AEB /* AppDelegate.swift */,
				E54BD0542175110400C98AEB /* CO2.sks */,
				E54BD0792175447500C98AEB /* CO2country.sks */,
				E54BD07B2175449800C98AEB /* CountryScene.swift */,
				E54BD0752175438F00C98AEB /* CO2graph.sks */,
				E54BD0772175443500C98AEB /* GraphScene.swift */,
				E54BD0562175110400C98AEB /* Actions.sks */,
				E54BD0582175110400C98AEB /* MapScene.swift */,
				E54BD05A2175110400C98AEB /* GameViewController.swift */,
				E54BD05C2175110400C98AEB /* Main.storyboard */,
				E54BD05F2175110800C98AEB /* Assets.xcassets */,
				E54BD0612175110800C98AEB /* LaunchScreen.storyboard */,
				E54BD0642175110800C98AEB /* Info.plist */,
			);
			path = miasma;
			sourceTree = "<group>";
		};
		E54BD06E2175164900C98AEB /* images */ = {
			isa = PBXGroup;
			children = (
				E507E3E32175483300A1AE14 /* plot_large.png */,
				E507E3E22175483300A1AE14 /* plot_small.png */,
				E54BD06A217514D600C98AEB /* na.png */,
				E54BD06C2175163200C98AEB /* bg-graph-white.png */,
			);
			path = images;
			sourceTree = "<group>";
		};
/* End PBXGroup section */

/* Begin PBXNativeTarget section */
		E54BD04E2175110400C98AEB /* miasma */ = {
			isa = PBXNativeTarget;
			buildConfigurationList = E54BD0672175110800C98AEB /* Build configuration list for PBXNativeTarget "miasma" */;
			buildPhases = (
				E54BD04B2175110400C98AEB /* Sources */,
				E54BD04C2175110400C98AEB /* Frameworks */,
				E54BD04D2175110400C98AEB /* Resources */,
			);
			buildRules = (
			);
			dependencies = (
			);
			name = miasma;
			productName = miasma;
			productReference = E54BD04F2175110400C98AEB /* miasma.app */;
			productType = "com.apple.product-type.application";
		};
/* End PBXNativeTarget section */

/* Begin PBXProject section */
		E54BD0472175110400C98AEB /* Project object */ = {
			isa = PBXProject;
			attributes = {
				LastSwiftUpdateCheck = 1000;
				LastUpgradeCheck = 1000;
				ORGANIZATIONNAME = "Lucia Reynoso";
				TargetAttributes = {
					E54BD04E2175110400C98AEB = {
						CreatedOnToolsVersion = 10.0;
					};
				};
			};
			buildConfigurationList = E54BD04A2175110400C98AEB /* Build configuration list for PBXProject "miasma" */;
			compatibilityVersion = "Xcode 9.3";
			developmentRegion = en;
			hasScannedForEncodings = 0;
			knownRegions = (
				en,
				Base,
			);
			mainGroup = E54BD0462175110400C98AEB;
			productRefGroup = E54BD0502175110400C98AEB /* Products */;
			projectDirPath = "";
			projectRoot = "";
			targets = (
				E54BD04E2175110400C98AEB /* miasma */,
			);
		};
/* End PBXProject section */

/* Begin PBXResourcesBuildPhase section */
		E54BD04D2175110400C98AEB /* Resources */ = {
			isa = PBXResourcesBuildPhase;
			buildActionMask = 2147483647;
			files = (
				E54BD05E2175110400C98AEB /* Main.storyboard in Resources */,
				E54BD0762175438F00C98AEB /* CO2graph.sks in Resources */,
				E507E3E42175483300A1AE14 /* plot_small.png in Resources */,
				E54BD07A2175447500C98AEB /* CO2country.sks in Resources */,
				E54BD0552175110400C98AEB /* CO2.sks in Resources */,
				E507E3E52175483300A1AE14 /* plot_large.png in Resources */,
				E54BD0602175110800C98AEB /* Assets.xcassets in Resources */,
				E54BD06D2175163200C98AEB /* bg-graph-white.png in Resources */,
				E54BD0632175110800C98AEB /* LaunchScreen.storyboard in Resources */,
				E54BD06B217514D600C98AEB /* na.png in Resources */,
				E54BD0572175110400C98AEB /* Actions.sks in Resources */,
			);
			runOnlyForDeploymentPostprocessing = 0;
		};
/* End PBXResourcesBuildPhase section */

/* Begin PBXSourcesBuildPhase section */
		E54BD04B2175110400C98AEB /* Sources */ = {
			isa = PBXSourcesBuildPhase;
			buildActionMask = 2147483647;
			files = (
				E54BD0592175110400C98AEB /* MapScene.swift in Sources */,
				E54BD05B2175110400C98AEB /* GameViewController.swift in Sources */,
				E54BD0532175110400C98AEB /* AppDelegate.swift in Sources */,
				E54BD07C2175449800C98AEB /* CountryScene.swift in Sources */,
				E54BD0782175443500C98AEB /* GraphScene.swift in Sources */,
			);
			runOnlyForDeploymentPostprocessing = 0;
		};
/* End PBXSourcesBuildPhase section */

/* Begin PBXVariantGroup section */
		E54BD05C2175110400C98AEB /* Main.storyboard */ = {
			isa = PBXVariantGroup;
			children = (
				E54BD05D2175110400C98AEB /* Base */,
			);
			name = Main.storyboard;
			sourceTree = "<group>";
		};
		E54BD0612175110800C98AEB /* LaunchScreen.storyboard */ = {
			isa = PBXVariantGroup;
			children = (
				E54BD0622175110800C98AEB /* Base */,
			);
			name = LaunchScreen.storyboard;
			sourceTree = "<group>";
		};
/* End PBXVariantGroup section */

/* Begin XCBuildConfiguration section */
		E54BD0652175110800C98AEB /* Debug */ = {
			isa = XCBuildConfiguration;
			buildSettings = {
				ALWAYS_SEARCH_USER_PATHS = NO;
				CLANG_ANALYZER_NONNULL = YES;
				CLANG_ANALYZER_NUMBER_OBJECT_CONVERSION = YES_AGGRESSIVE;
				CLANG_CXX_LANGUAGE_STANDARD = "gnu++14";
				CLANG_CXX_LIBRARY = "libc++";
				CLANG_ENABLE_MODULES = YES;
				CLANG_ENABLE_OBJC_ARC = YES;
				CLANG_ENABLE_OBJC_WEAK = YES;
				CLANG_WARN_BLOCK_CAPTURE_AUTORELEASING = YES;
				CLANG_WARN_BOOL_CONVERSION = YES;
				CLANG_WARN_COMMA = YES;
				CLANG_WARN_CONSTANT_CONVERSION = YES;
				CLANG_WARN_DEPRECATED_OBJC_IMPLEMENTATIONS = YES;
				CLANG_WARN_DIRECT_OBJC_ISA_USAGE = YES_ERROR;
				CLANG_WARN_DOCUMENTATION_COMMENTS = YES;
				CLANG_WARN_EMPTY_BODY = YES;
				CLANG_WARN_ENUM_CONVERSION = YES;
				CLANG_WARN_INFINITE_RECURSION = YES;
				CLANG_WARN_INT_CONVERSION = YES;
				CLANG_WARN_NON_LITERAL_NULL_CONVERSION = YES;
				CLANG_WARN_OBJC_IMPLICIT_RETAIN_SELF = YES;
				CLANG_WARN_OBJC_LITERAL_CONVERSION = YES;
				CLANG_WARN_OBJC_ROOT_CLASS = YES_ERROR;
				CLANG_WARN_RANGE_LOOP_ANALYSIS = YES;
				CLANG_WARN_STRICT_PROTOTYPES = YES;
				CLANG_WARN_SUSPICIOUS_MOVE = YES;
				CLANG_WARN_UNGUARDED_AVAILABILITY = YES_AGGRESSIVE;
				CLANG_WARN_UNREACHABLE_CODE = YES;
				CLANG_WARN__DUPLICATE_METHOD_MATCH = YES;
				CODE_SIGN_IDENTITY = "iPhone Developer";
				COPY_PHASE_STRIP = NO;
				DEBUG_INFORMATION_FORMAT = dwarf;
				ENABLE_STRICT_OBJC_MSGSEND = YES;
				ENABLE_TESTABILITY = YES;
				GCC_C_LANGUAGE_STANDARD = gnu11;
				GCC_DYNAMIC_NO_PIC = NO;
				GCC_NO_COMMON_BLOCKS = YES;
				GCC_OPTIMIZATION_LEVEL = 0;
				GCC_PREPROCESSOR_DEFINITIONS = (
					"DEBUG=1",
					"$(inherited)",
				);
				GCC_WARN_64_TO_32_BIT_CONVERSION = YES;
				GCC_WARN_ABOUT_RETURN_TYPE = YES_ERROR;
				GCC_WARN_UNDECLARED_SELECTOR = YES;
				GCC_WARN_UNINITIALIZED_AUTOS = YES_AGGRESSIVE;
				GCC_WARN_UNUSED_FUNCTION = YES;
				GCC_WARN_UNUSED_VARIABLE = YES;
				IPHONEOS_DEPLOYMENT_TARGET = 12.0;
				MTL_ENABLE_DEBUG_INFO = INCLUDE_SOURCE;
				MTL_FAST_MATH = YES;
				ONLY_ACTIVE_ARCH = YES;
				SDKROOT = iphoneos;
				SWIFT_ACTIVE_COMPILATION_CONDITIONS = DEBUG;
				SWIFT_OPTIMIZATION_LEVEL = "-Onone";
			};
			name = Debug;
		};
		E54BD0662175110800C98AEB /* Release */ = {
			isa = XCBuildConfiguration;
			buildSettings = {
				ALWAYS_SEARCH_USER_PATHS = NO;
				CLANG_ANALYZER_NONNULL = YES;
				CLANG_ANALYZER_NUMBER_OBJECT_CONVERSION = YES_AGGRESSIVE;
				CLANG_CXX_LANGUAGE_STANDARD = "gnu++14";
				CLANG_CXX_LIBRARY = "libc++";
				CLANG_ENABLE_MODULES = YES;
				CLANG_ENABLE_OBJC_ARC = YES;
				CLANG_ENABLE_OBJC_WEAK = YES;
				CLANG_WARN_BLOCK_CAPTURE_AUTORELEASING = YES;
				CLANG_WARN_BOOL_CONVERSION = YES;
				CLANG_WARN_COMMA = YES;
				CLANG_WARN_CONSTANT_CONVERSION = YES;
				CLANG_WARN_DEPRECATED_OBJC_IMPLEMENTATIONS = YES;
				CLANG_WARN_DIRECT_OBJC_ISA_USAGE = YES_ERROR;
				CLANG_WARN_DOCUMENTATION_COMMENTS = YES;
				CLANG_WARN_EMPTY_BODY = YES;
				CLANG_WARN_ENUM_CONVERSION = YES;
				CLANG_WARN_INFINITE_RECURSION = YES;
				CLANG_WARN_INT_CONVERSION = YES;
				CLANG_WARN_NON_LITERAL_NULL_CONVERSION = YES;
				CLANG_WARN_OBJC_IMPLICIT_RETAIN_SELF = YES;
				CLANG_WARN_OBJC_LITERAL_CONVERSION = YES;
				CLANG_WARN_OBJC_ROOT_CLASS = YES_ERROR;
				CLANG_WARN_RANGE_LOOP_ANALYSIS = YES;
				CLANG_WARN_STRICT_PROTOTYPES = YES;
				CLANG_WARN_SUSPICIOUS_MOVE = YES;
				CLANG_WARN_UNGUARDED_AVAILABILITY = YES_AGGRESSIVE;
				CLANG_WARN_UNREACHABLE_CODE = YES;
				CLANG_WARN__DUPLICATE_METHOD_MATCH = YES;
				CODE_SIGN_IDENTITY = "iPhone Developer";
				COPY_PHASE_STRIP = NO;
				DEBUG_INFORMATION_FORMAT = "dwarf-with-dsym";
				ENABLE_NS_ASSERTIONS = NO;
				ENABLE_STRICT_OBJC_MSGSEND = YES;
				GCC_C_LANGUAGE_STANDARD = gnu11;
				GCC_NO_COMMON_BLOCKS = YES;
				GCC_WARN_64_TO_32_BIT_CONVERSION = YES;
				GCC_WARN_ABOUT_RETURN_TYPE = YES_ERROR;
				GCC_WARN_UNDECLARED_SELECTOR = YES;
				GCC_WARN_UNINITIALIZED_AUTOS = YES_AGGRESSIVE;
				GCC_WARN_UNUSED_FUNCTION = YES;
				GCC_WARN_UNUSED_VARIABLE = YES;
				IPHONEOS_DEPLOYMENT_TARGET = 12.0;
				MTL_ENABLE_DEBUG_INFO = NO;
				MTL_FAST_MATH = YES;
				SDKROOT = iphoneos;
				SWIFT_COMPILATION_MODE = wholemodule;
				SWIFT_OPTIMIZATION_LEVEL = "-O";
				VALIDATE_PRODUCT = YES;
			};
			name = Release;
		};
		E54BD0682175110800C98AEB /* Debug */ = {
			isa = XCBuildConfiguration;
			buildSettings = {
				ASSETCATALOG_COMPILER_APPICON_NAME = AppIcon;
				CODE_SIGN_STYLE = Automatic;
				DEVELOPMENT_TEAM = M5A39BN55B;
				INFOPLIST_FILE = miasma/Info.plist;
				LD_RUNPATH_SEARCH_PATHS = (
					"$(inherited)",
					"@executable_path/Frameworks",
				);
				PRODUCT_BUNDLE_IDENTIFIER = com.luciareynoso.miasma;
				PRODUCT_NAME = "$(TARGET_NAME)";
				SWIFT_VERSION = 4.2;
				TARGETED_DEVICE_FAMILY = "1,2";
			};
			name = Debug;
		};
		E54BD0692175110800C98AEB /* Release */ = {
			isa = XCBuildConfiguration;
			buildSettings = {
				ASSETCATALOG_COMPILER_APPICON_NAME = AppIcon;
				CODE_SIGN_STYLE = Automatic;
				DEVELOPMENT_TEAM = M5A39BN55B;
				INFOPLIST_FILE = miasma/Info.plist;
				LD_RUNPATH_SEARCH_PATHS = (
					"$(inherited)",
					"@executable_path/Frameworks",
				);
				PRODUCT_BUNDLE_IDENTIFIER = com.luciareynoso.miasma;
				PRODUCT_NAME = "$(TARGET_NAME)";
				SWIFT_VERSION = 4.2;
				TARGETED_DEVICE_FAMILY = "1,2";
			};
			name = Release;
		};
/* End XCBuildConfiguration section */

/* Begin XCConfigurationList section */
		E54BD04A2175110400C98AEB /* Build configuration list for PBXProject "miasma" */ = {
			isa = XCConfigurationList;
			buildConfigurations = (
				E54BD0652175110800C98AEB /* Debug */,
				E54BD0662175110800C98AEB /* Release */,
			);
			defaultConfigurationIsVisible = 0;
			defaultConfigurationName = Release;
		};
		E54BD0672175110800C98AEB /* Build configuration list for PBXNativeTarget "miasma" */ = {
			isa = XCConfigurationList;
			buildConfigurations = (
				E54BD0682175110800C98AEB /* Debug */,
				E54BD0692175110800C98AEB /* Release */,
			);
			defaultConfigurationIsVisible = 0;
			defaultConfigurationName = Release;
		};
/* End XCConfigurationList section */
	};
	rootObject = E54BD0472175110400C98AEB /* Project object */;
}
